// !$*UTF8*$!
{
	archiveVersion = 1;
	classes = {
	};
	objectVersion = 46;
	objects = {

/* Begin PBXBuildFile section */
		01FD67BE03BAD07592439B8A /* Pods_GooglePlace.framework in Frameworks */ = {isa = PBXBuildFile; fileRef = FF3BB67B4B1A3E56DC1B661B /* Pods_GooglePlace.framework */; };
		3B871C8C1ED3EECE000568C7 /* AppDelegate.swift in Sources */ = {isa = PBXBuildFile; fileRef = 3B871C8B1ED3EECE000568C7 /* AppDelegate.swift */; };
		3B871C8E1ED3EECE000568C7 /* ViewController.swift in Sources */ = {isa = PBXBuildFile; fileRef = 3B871C8D1ED3EECE000568C7 /* ViewController.swift */; };
		3B871C911ED3EECE000568C7 /* Main.storyboard in Resources */ = {isa = PBXBuildFile; fileRef = 3B871C8F1ED3EECE000568C7 /* Main.storyboard */; };
		3B871C931ED3EECE000568C7 /* Assets.xcassets in Resources */ = {isa = PBXBuildFile; fileRef = 3B871C921ED3EECE000568C7 /* Assets.xcassets */; };
		3B871C961ED3EECE000568C7 /* LaunchScreen.storyboard in Resources */ = {isa = PBXBuildFile; fileRef = 3B871C941ED3EECE000568C7 /* LaunchScreen.storyboard */; };
/* End PBXBuildFile section */

/* Begin PBXFileReference section */
		3B871C881ED3EECE000568C7 /* GooglePlace.app */ = {isa = PBXFileReference; explicitFileType = wrapper.application; includeInIndex = 0; path = GooglePlace.app; sourceTree = BUILT_PRODUCTS_DIR; };
		3B871C8B1ED3EECE000568C7 /* AppDelegate.swift */ = {isa = PBXFileReference; lastKnownFileType = sourcecode.swift; path = AppDelegate.swift; sourceTree = "<group>"; };
		3B871C8D1ED3EECE000568C7 /* ViewController.swift */ = {isa = PBXFileReference; lastKnownFileType = sourcecode.swift; path = ViewController.swift; sourceTree = "<group>"; };
		3B871C901ED3EECE000568C7 /* Base */ = {isa = PBXFileReference; lastKnownFileType = file.storyboard; name = Base; path = Base.lproj/Main.storyboard; sourceTree = "<group>"; };
		3B871C921ED3EECE000568C7 /* Assets.xcassets */ = {isa = PBXFileReference; lastKnownFileType = folder.assetcatalog; path = Assets.xcassets; sourceTree = "<group>"; };
		3B871C951ED3EECE000568C7 /* Base */ = {isa = PBXFileReference; lastKnownFileType = file.storyboard; name = Base; path = Base.lproj/LaunchScreen.storyboard; sourceTree = "<group>"; };
		3B871C971ED3EECE000568C7 /* Info.plist */ = {isa = PBXFileReference; lastKnownFileType = text.plist.xml; path = Info.plist; sourceTree = "<group>"; };
		75BE6048981D2AC544E9AC1C /* Pods-GooglePlace.debug.xcconfig */ = {isa = PBXFileReference; includeInIndex = 1; lastKnownFileType = text.xcconfig; name = "Pods-GooglePlace.debug.xcconfig"; path = "Pods/Target Support Files/Pods-GooglePlace/Pods-GooglePlace.debug.xcconfig"; sourceTree = "<group>"; };
		A66A201E0E07C35826EFFDAE /* Pods-GooglePlace.release.xcconfig */ = {isa = PBXFileReference; includeInIndex = 1; lastKnownFileType = text.xcconfig; name = "Pods-GooglePlace.release.xcconfig"; path = "Pods/Target Support Files/Pods-GooglePlace/Pods-GooglePlace.release.xcconfig"; sourceTree = "<group>"; };
		FF3BB67B4B1A3E56DC1B661B /* Pods_GooglePlace.framework */ = {isa = PBXFileReference; explicitFileType = wrapper.framework; includeInIndex = 0; path = Pods_GooglePlace.framework; sourceTree = BUILT_PRODUCTS_DIR; };
/* End PBXFileReference section */

/* Begin PBXFrameworksBuildPhase section */
		3B871C851ED3EECE000568C7 /* Frameworks */ = {
			isa = PBXFrameworksBuildPhase;
			buildActionMask = 2147483647;
			files = (
				01FD67BE03BAD07592439B8A /* Pods_GooglePlace.framework in Frameworks */,
			);
			runOnlyForDeploymentPostprocessing = 0;
		};
/* End PBXFrameworksBuildPhase section */

/* Begin PBXGroup section */
		3B871C7F1ED3EECE000568C7 = {
			isa = PBXGroup;
			children = (
				3B871C8A1ED3EECE000568C7 /* GooglePlace */,
				3B871C891ED3EECE000568C7 /* Products */,
				CE41921CB4AD42986949C689 /* Pods */,
				8184DCBAD6A877CF8E06B843 /* Frameworks */,
			);
			sourceTree = "<group>";
		};
		3B871C891ED3EECE000568C7 /* Products */ = {
			isa = PBXGroup;
			children = (
				3B871C881ED3EECE000568C7 /* GooglePlace.app */,
			);
			name = Products;
			sourceTree = "<group>";
		};
		3B871C8A1ED3EECE000568C7 /* GooglePlace */ = {
			isa = PBXGroup;
			children = (
				3B871C8B1ED3EECE000568C7 /* AppDelegate.swift */,
				3B871C8D1ED3EECE000568C7 /* ViewController.swift */,
				3B871C8F1ED3EECE000568C7 /* Main.storyboard */,
				3B871C921ED3EECE000568C7 /* Assets.xcassets */,
				3B871C941ED3EECE000568C7 /* LaunchScreen.storyboard */,
				3B871C971ED3EECE000568C7 /* Info.plist */,
			);
			path = GooglePlace;
			sourceTree = "<group>";
		};
		8184DCBAD6A877CF8E06B843 /* Frameworks */ = {
			isa = PBXGroup;
			children = (
				FF3BB67B4B1A3E56DC1B661B /* Pods_GooglePlace.framework */,
			);
			name = Frameworks;
			sourceTree = "<group>";
		};
		CE41921CB4AD42986949C689 /* Pods */ = {
			isa = PBXGroup;
			children = (
				75BE6048981D2AC544E9AC1C /* Pods-GooglePlace.debug.xcconfig */,
				A66A201E0E07C35826EFFDAE /* Pods-GooglePlace.release.xcconfig */,
			);
			name = Pods;
			sourceTree = "<group>";
		};
/* End PBXGroup section */

/* Begin PBXNativeTarget section */
		3B871C871ED3EECE000568C7 /* GooglePlace */ = {
			isa = PBXNativeTarget;
			buildConfigurationList = 3B871C9A1ED3EECE000568C7 /* Build configuration list for PBXNativeTarget "GooglePlace" */;
			buildPhases = (
				2B88F73BF1010AAE3B82F407 /* [CP] Check Pods Manifest.lock */,
				3B871C841ED3EECE000568C7 /* Sources */,
				3B871C851ED3EECE000568C7 /* Frameworks */,
				3B871C861ED3EECE000568C7 /* Resources */,
				CF1ADC7042008A1CC0B4CE82 /* [CP] Embed Pods Frameworks */,
				6691B2ABB0DFACD1984CE7D4 /* [CP] Copy Pods Resources */,
			);
			buildRules = (
			);
			dependencies = (
			);
			name = GooglePlace;
			productName = GooglePlace;
			productReference = 3B871C881ED3EECE000568C7 /* GooglePlace.app */;
			productType = "com.apple.product-type.application";
		};
/* End PBXNativeTarget section */

/* Begin PBXProject section */
		3B871C801ED3EECE000568C7 /* Project object */ = {
			isa = PBXProject;
			attributes = {
				LastSwiftUpdateCheck = 0830;
				LastUpgradeCheck = 0830;
				ORGANIZATIONNAME = "Vincent Su";
				TargetAttributes = {
					3B871C871ED3EECE000568C7 = {
						CreatedOnToolsVersion = 8.3.2;
						DevelopmentTeam = Y78M8Z89US;
						ProvisioningStyle = Automatic;
					};
				};
			};
			buildConfigurationList = 3B871C831ED3EECE000568C7 /* Build configuration list for PBXProject "GooglePlace" */;
			compatibilityVersion = "Xcode 3.2";
			developmentRegion = English;
			hasScannedForEncodings = 0;
			knownRegions = (
				en,
				Base,
			);
			mainGroup = 3B871C7F1ED3EECE000568C7;
			productRefGroup = 3B871C891ED3EECE000568C7 /* Products */;
			projectDirPath = "";
			projectRoot = "";
			targets = (
				3B871C871ED3EECE000568C7 /* GooglePlace */,
			);
		};
/* End PBXProject section */

/* Begin PBXResourcesBuildPhase section */
		3B871C861ED3EECE000568C7 /* Resources */ = {
			isa = PBXResourcesBuildPhase;
			buildActionMask = 2147483647;
			files = (
				3B871C961ED3EECE000568C7 /* LaunchScreen.storyboard in Resources */,
				3B871C931ED3EECE000568C7 /* Assets.xcassets in Resources */,
				3B871C911ED3EECE000568C7 /* Main.storyboard in Resources */,
			);
			runOnlyForDeploymentPostprocessing = 0;
		};
/* End PBXResourcesBuildPhase section */

/* Begin PBXShellScriptBuildPhase section */
		2B88F73BF1010AAE3B82F407 /* [CP] Check Pods Manifest.lock */ = {
			isa = PBXShellScriptBuildPhase;
			buildActionMask = 2147483647;
			files = (
			);
			inputPaths = (
			);
			name = "[CP] Check Pods Manifest.lock";
			outputPaths = (
			);
			runOnlyForDeploymentPostprocessing = 0;
			shellPath = /bin/sh;
			shellScript = "diff \"${PODS_PODFILE_DIR_PATH}/Podfile.lock\" \"${PODS_ROOT}/Manifest.lock\" > /dev/null\nif [ $? != 0 ] ; then\n    # print error to STDERR\n    echo \"error: The sandbox is not in sync with the Podfile.lock. Run 'pod install' or update your CocoaPods installation.\" >&2\n    exit 1\nfi\n";
			showEnvVarsInLog = 0;
		};
		6691B2ABB0DFACD1984CE7D4 /* [CP] Copy Pods Resources */ = {
			isa = PBXShellScriptBuildPhase;
			buildActionMask = 2147483647;
			files = (
			);
			inputPaths = (
			);
			name = "[CP] Copy Pods Resources";
			outputPaths = (
			);
			runOnlyForDeploymentPostprocessing = 0;
			shellPath = /bin/sh;
			shellScript = "\"${SRCROOT}/Pods/Target Support Files/Pods-GooglePlace/Pods-GooglePlace-resources.sh\"\n";
			showEnvVarsInLog = 0;
		};
		CF1ADC7042008A1CC0B4CE82 /* [CP] Embed Pods Frameworks */ = {
			isa = PBXShellScriptBuildPhase;
			buildActionMask = 2147483647;
			files = (
			);
			inputPaths = (
			);
			name = "[CP] Embed Pods Frameworks";
			outputPaths = (
			);
			runOnlyForDeploymentPostprocessing = 0;
			shellPath = /bin/sh;
			shellScript = "\"${SRCROOT}/Pods/Target Support Files/Pods-GooglePlace/Pods-GooglePlace-frameworks.sh\"\n";
			showEnvVarsInLog = 0;
		};
/* End PBXShellScriptBuildPhase section */

/* Begin PBXSourcesBuildPhase section */
		3B871C841ED3EECE000568C7 /* Sources */ = {
			isa = PBXSourcesBuildPhase;
			buildActionMask = 2147483647;
			files = (
				3B871C8E1ED3EECE000568C7 /* ViewController.swift in Sources */,
				3B871C8C1ED3EECE000568C7 /* AppDelegate.swift in Sources */,
			);
			runOnlyForDeploymentPostprocessing = 0;
		};
/* End PBXSourcesBuildPhase section */

/* Begin PBXVariantGroup section */
		3B871C8F1ED3EECE000568C7 /* Main.storyboard */ = {
			isa = PBXVariantGroup;
			children = (
				3B871C901ED3EECE000568C7 /* Base */,
			);
			name = Main.storyboard;
			sourceTree = "<group>";
		};
		3B871C941ED3EECE000568C7 /* LaunchScreen.storyboard */ = {
			isa = PBXVariantGroup;
			children = (
				3B871C951ED3EECE000568C7 /* Base */,
			);
			name = LaunchScreen.storyboard;
			sourceTree = "<group>";
		};
/* End PBXVariantGroup section */

/* Begin XCBuildConfiguration section */
		3B871C981ED3EECE000568C7 /* Debug */ = {
			isa = XCBuildConfiguration;
			buildSettings = {
				ALWAYS_SEARCH_USER_PATHS = NO;
				CLANG_ANALYZER_NONNULL = YES;
				CLANG_ANALYZER_NUMBER_OBJECT_CONVERSION = YES_AGGRESSIVE;
				CLANG_CXX_LANGUAGE_STANDARD = "gnu++0x";
				CLANG_CXX_LIBRARY = "libc++";
				CLANG_ENABLE_MODULES = YES;
				CLANG_ENABLE_OBJC_ARC = YES;
				CLANG_WARN_BOOL_CONVERSION = YES;
				CLANG_WARN_CONSTANT_CONVERSION = YES;
				CLANG_WARN_DIRECT_OBJC_ISA_USAGE = YES_ERROR;
				CLANG_WARN_DOCUMENTATION_COMMENTS = YES;
				CLANG_WARN_EMPTY_BODY = YES;
				CLANG_WARN_ENUM_CONVERSION = YES;
				CLANG_WARN_INFINITE_RECURSION = YES;
				CLANG_WARN_INT_CONVERSION = YES;
				CLANG_WARN_OBJC_ROOT_CLASS = YES_ERROR;
				CLANG_WARN_SUSPICIOUS_MOVE = YES;
				CLANG_WARN_UNREACHABLE_CODE = YES;
				CLANG_WARN__DUPLICATE_METHOD_MATCH = YES;
				"CODE_SIGN_IDENTITY[sdk=iphoneos*]" = "iPhone Developer";
				COPY_PHASE_STRIP = NO;
				DEBUG_INFORMATION_FORMAT = dwarf;
				ENABLE_STRICT_OBJC_MSGSEND = YES;
				ENABLE_TESTABILITY = YES;
				GCC_C_LANGUAGE_STANDARD = gnu99;
				GCC_DYNAMIC_NO_PIC = NO;
				GCC_NO_COMMON_BLOCKS = YES;
				GCC_OPTIMIZATION_LEVEL = 0;
				GCC_PREPROCESSOR_DEFINITIONS = (
					"DEBUG=1",
					"$(inherited)",
				);
				GCC_WARN_64_TO_32_BIT_CONVERSION = YES;
				GCC_WARN_ABOUT_RETURN_TYPE = YES_ERROR;
				GCC_WARN_UNDECLARED_SELECTOR = YES;
				GCC_WARN_UNINITIALIZED_AUTOS = YES_AGGRESSIVE;
				GCC_WARN_UNUSED_FUNCTION = YES;
				GCC_WARN_UNUSED_VARIABLE = YES;
				IPHONEOS_DEPLOYMENT_TARGET = 10.3;
				MTL_ENABLE_DEBUG_INFO = YES;
				ONLY_ACTIVE_ARCH = YES;
				SDKROOT = iphoneos;
				SWIFT_ACTIVE_COMPILATION_CONDITIONS = DEBUG;
				SWIFT_OPTIMIZATION_LEVEL = "-Onone";
			};
			name = Debug;
		};
		3B871C991ED3EECE000568C7 /* Release */ = {
			isa = XCBuildConfiguration;
			buildSettings = {
				ALWAYS_SEARCH_USER_PATHS = NO;
				CLANG_ANALYZER_NONNULL = YES;
				CLANG_ANALYZER_NUMBER_OBJECT_CONVERSION = YES_AGGRESSIVE;
				CLANG_CXX_LANGUAGE_STANDARD = "gnu++0x";
				CLANG_CXX_LIBRARY = "libc++";
				CLANG_ENABLE_MODULES = YES;
				CLANG_ENABLE_OBJC_ARC = YES;
				CLANG_WARN_BOOL_CONVERSION = YES;
				CLANG_WARN_CONSTANT_CONVERSION = YES;
				CLANG_WARN_DIRECT_OBJC_ISA_USAGE = YES_ERROR;
				CLANG_WARN_DOCUMENTATION_COMMENTS = YES;
				CLANG_WARN_EMPTY_BODY = YES;
				CLANG_WARN_ENUM_CONVERSION = YES;
				CLANG_WARN_INFINITE_RECURSION = YES;
				CLANG_WARN_INT_CONVERSION = YES;
				CLANG_WARN_OBJC_ROOT_CLASS = YES_ERROR;
				CLANG_WARN_SUSPICIOUS_MOVE = YES;
				CLANG_WARN_UNREACHABLE_CODE = YES;
				CLANG_WARN__DUPLICATE_METHOD_MATCH = YES;
				"CODE_SIGN_IDENTITY[sdk=iphoneos*]" = "iPhone Developer";
				COPY_PHASE_STRIP = NO;
				DEBUG_INFORMATION_FORMAT = "dwarf-with-dsym";
				ENABLE_NS_ASSERTIONS = NO;
				ENABLE_STRICT_OBJC_MSGSEND = YES;
				GCC_C_LANGUAGE_STANDARD = gnu99;
				GCC_NO_COMMON_BLOCKS = YES;
				GCC_WARN_64_TO_32_BIT_CONVERSION = YES;
				GCC_WARN_ABOUT_RETURN_TYPE = YES_ERROR;
				GCC_WARN_UNDECLARED_SELECTOR = YES;
				GCC_WARN_UNINITIALIZED_AUTOS = YES_AGGRESSIVE;
				GCC_WARN_UNUSED_FUNCTION = YES;
				GCC_WARN_UNUSED_VARIABLE = YES;
				IPHONEOS_DEPLOYMENT_TARGET = 10.3;
				MTL_ENABLE_DEBUG_INFO = NO;
				SDKROOT = iphoneos;
				SWIFT_OPTIMIZATION_LEVEL = "-Owholemodule";
				VALIDATE_PRODUCT = YES;
			};
			name = Release;
		};
		3B871C9B1ED3EECE000568C7 /* Debug */ = {
			isa = XCBuildConfiguration;
			baseConfigurationReference = 75BE6048981D2AC544E9AC1C /* Pods-GooglePlace.debug.xcconfig */;
			buildSettings = {
				ASSETCATALOG_COMPILER_APPICON_NAME = AppIcon;
				DEVELOPMENT_TEAM = Y78M8Z89US;
				INFOPLIST_FILE = GooglePlace/Info.plist;
				LD_RUNPATH_SEARCH_PATHS = "$(inherited) @executable_path/Frameworks";
				PRODUCT_BUNDLE_IDENTIFIER = com.vincent.GooglePlace;
				PRODUCT_NAME = "$(TARGET_NAME)";
				SWIFT_VERSION = 3.0;
			};
			name = Debug;
		};
		3B871C9C1ED3EECE000568C7 /* Release */ = {
			isa = XCBuildConfiguration;
			baseConfigurationReference = A66A201E0E07C35826EFFDAE /* Pods-GooglePlace.release.xcconfig */;
			buildSettings = {
				ASSETCATALOG_COMPILER_APPICON_NAME = AppIcon;
				DEVELOPMENT_TEAM = Y78M8Z89US;
				INFOPLIST_FILE = GooglePlace/Info.plist;
				LD_RUNPATH_SEARCH_PATHS = "$(inherited) @executable_path/Frameworks";
				PRODUCT_BUNDLE_IDENTIFIER = com.vincent.GooglePlace;
				PRODUCT_NAME = "$(TARGET_NAME)";
				SWIFT_VERSION = 3.0;
			};
			name = Release;
		};
/* End XCBuildConfiguration section */

/* Begin XCConfigurationList section */
		3B871C831ED3EECE000568C7 /* Build configuration list for PBXProject "GooglePlace" */ = {
			isa = XCConfigurationList;
			buildConfigurations = (
				3B871C981ED3EECE000568C7 /* Debug */,
				3B871C991ED3EECE000568C7 /* Release */,
			);
			defaultConfigurationIsVisible = 0;
			defaultConfigurationName = Release;
		};
		3B871C9A1ED3EECE000568C7 /* Build configuration list for PBXNativeTarget "GooglePlace" */ = {
			isa = XCConfigurationList;
			buildConfigurations = (
				3B871C9B1ED3EECE000568C7 /* Debug */,
				3B871C9C1ED3EECE000568C7 /* Release */,
			);
			defaultConfigurationIsVisible = 0;
		};
/* End XCConfigurationList section */
	};
	rootObject = 3B871C801ED3EECE000568C7 /* Project object */;
}
