// !$*UTF8*$!
{
	archiveVersion = 1;
	classes = {
	};
	objectVersion = 46;
	objects = {

/* Begin PBXBuildFile section */
		B1B87819EEE9741A0BC5037C /* Pods_InitiumTest2.framework in Frameworks */ = {isa = PBXBuildFile; fileRef = D800D0E7583728DB1FAD41D8 /* Pods_InitiumTest2.framework */; };
		BF7E2CCF1E8C07400055A859 /* AppDelegate.swift in Sources */ = {isa = PBXBuildFile; fileRef = BF7E2CCE1E8C07400055A859 /* AppDelegate.swift */; };
		BF7E2CD11E8C07400055A859 /* NewsViewController.swift in Sources */ = {isa = PBXBuildFile; fileRef = BF7E2CD01E8C07400055A859 /* NewsViewController.swift */; };
		BF7E2CD61E8C07400055A859 /* Assets.xcassets in Resources */ = {isa = PBXBuildFile; fileRef = BF7E2CD51E8C07400055A859 /* Assets.xcassets */; };
		BF7E2CD91E8C07400055A859 /* LaunchScreen.storyboard in Resources */ = {isa = PBXBuildFile; fileRef = BF7E2CD71E8C07400055A859 /* LaunchScreen.storyboard */; };
		BF7E2CE11E8C10DF0055A859 /* NewsCardCell.swift in Sources */ = {isa = PBXBuildFile; fileRef = BF7E2CE01E8C10DF0055A859 /* NewsCardCell.swift */; };
/* End PBXBuildFile section */

/* Begin PBXFileReference section */
		48749E082C4A4D7D2201072B /* Pods-InitiumTest2.release.xcconfig */ = {isa = PBXFileReference; includeInIndex = 1; lastKnownFileType = text.xcconfig; name = "Pods-InitiumTest2.release.xcconfig"; path = "Pods/Target Support Files/Pods-InitiumTest2/Pods-InitiumTest2.release.xcconfig"; sourceTree = "<group>"; };
		828544EFC95C5652FDCDDAEC /* Pods-InitiumTest2.debug.xcconfig */ = {isa = PBXFileReference; includeInIndex = 1; lastKnownFileType = text.xcconfig; name = "Pods-InitiumTest2.debug.xcconfig"; path = "Pods/Target Support Files/Pods-InitiumTest2/Pods-InitiumTest2.debug.xcconfig"; sourceTree = "<group>"; };
		BF7E2CCB1E8C07400055A859 /* InitiumTest2.app */ = {isa = PBXFileReference; explicitFileType = wrapper.application; includeInIndex = 0; path = InitiumTest2.app; sourceTree = BUILT_PRODUCTS_DIR; };
		BF7E2CCE1E8C07400055A859 /* AppDelegate.swift */ = {isa = PBXFileReference; lastKnownFileType = sourcecode.swift; path = AppDelegate.swift; sourceTree = "<group>"; };
		BF7E2CD01E8C07400055A859 /* NewsViewController.swift */ = {isa = PBXFileReference; lastKnownFileType = sourcecode.swift; path = NewsViewController.swift; sourceTree = "<group>"; };
		BF7E2CD51E8C07400055A859 /* Assets.xcassets */ = {isa = PBXFileReference; lastKnownFileType = folder.assetcatalog; path = Assets.xcassets; sourceTree = "<group>"; };
		BF7E2CD81E8C07400055A859 /* Base */ = {isa = PBXFileReference; lastKnownFileType = file.storyboard; name = Base; path = Base.lproj/LaunchScreen.storyboard; sourceTree = "<group>"; };
		BF7E2CDA1E8C07400055A859 /* Info.plist */ = {isa = PBXFileReference; lastKnownFileType = text.plist.xml; path = Info.plist; sourceTree = "<group>"; };
		BF7E2CE01E8C10DF0055A859 /* NewsCardCell.swift */ = {isa = PBXFileReference; fileEncoding = 4; lastKnownFileType = sourcecode.swift; path = NewsCardCell.swift; sourceTree = "<group>"; };
		D800D0E7583728DB1FAD41D8 /* Pods_InitiumTest2.framework */ = {isa = PBXFileReference; explicitFileType = wrapper.framework; includeInIndex = 0; path = Pods_InitiumTest2.framework; sourceTree = BUILT_PRODUCTS_DIR; };
/* End PBXFileReference section */

/* Begin PBXFrameworksBuildPhase section */
		BF7E2CC81E8C07400055A859 /* Frameworks */ = {
			isa = PBXFrameworksBuildPhase;
			buildActionMask = 2147483647;
			files = (
				B1B87819EEE9741A0BC5037C /* Pods_InitiumTest2.framework in Frameworks */,
			);
			runOnlyForDeploymentPostprocessing = 0;
		};
/* End PBXFrameworksBuildPhase section */

/* Begin PBXGroup section */
		5B495913FEB700CB59C93104 /* Frameworks */ = {
			isa = PBXGroup;
			children = (
				D800D0E7583728DB1FAD41D8 /* Pods_InitiumTest2.framework */,
			);
			name = Frameworks;
			sourceTree = "<group>";
		};
		98E860FD6C0A690DD1566F9A /* Pods */ = {
			isa = PBXGroup;
			children = (
				828544EFC95C5652FDCDDAEC /* Pods-InitiumTest2.debug.xcconfig */,
				48749E082C4A4D7D2201072B /* Pods-InitiumTest2.release.xcconfig */,
			);
			name = Pods;
			sourceTree = "<group>";
		};
		BF7E2CC21E8C07400055A859 = {
			isa = PBXGroup;
			children = (
				BF7E2CCD1E8C07400055A859 /* InitiumTest2 */,
				BF7E2CCC1E8C07400055A859 /* Products */,
				98E860FD6C0A690DD1566F9A /* Pods */,
				5B495913FEB700CB59C93104 /* Frameworks */,
			);
			sourceTree = "<group>";
		};
		BF7E2CCC1E8C07400055A859 /* Products */ = {
			isa = PBXGroup;
			children = (
				BF7E2CCB1E8C07400055A859 /* InitiumTest2.app */,
			);
			name = Products;
			sourceTree = "<group>";
		};
		BF7E2CCD1E8C07400055A859 /* InitiumTest2 */ = {
			isa = PBXGroup;
			children = (
				BF7E2CCE1E8C07400055A859 /* AppDelegate.swift */,
				BF7E2CD01E8C07400055A859 /* NewsViewController.swift */,
				BF7E2CE01E8C10DF0055A859 /* NewsCardCell.swift */,
				BF7E2CD51E8C07400055A859 /* Assets.xcassets */,
				BF7E2CD71E8C07400055A859 /* LaunchScreen.storyboard */,
				BF7E2CDA1E8C07400055A859 /* Info.plist */,
			);
			path = InitiumTest2;
			sourceTree = "<group>";
		};
/* End PBXGroup section */

/* Begin PBXNativeTarget section */
		BF7E2CCA1E8C07400055A859 /* InitiumTest2 */ = {
			isa = PBXNativeTarget;
			buildConfigurationList = BF7E2CDD1E8C07400055A859 /* Build configuration list for PBXNativeTarget "InitiumTest2" */;
			buildPhases = (
				E23CB9F5BC3A26923AAFCCEC /* [CP] Check Pods Manifest.lock */,
				BF7E2CC71E8C07400055A859 /* Sources */,
				BF7E2CC81E8C07400055A859 /* Frameworks */,
				BF7E2CC91E8C07400055A859 /* Resources */,
				6BDC6DDAAD2E6104990E7D22 /* [CP] Embed Pods Frameworks */,
				5895FDF77C36FDA77CA0C4E5 /* [CP] Copy Pods Resources */,
			);
			buildRules = (
			);
			dependencies = (
			);
			name = InitiumTest2;
			productName = InitiumTest2;
			productReference = BF7E2CCB1E8C07400055A859 /* InitiumTest2.app */;
			productType = "com.apple.product-type.application";
		};
/* End PBXNativeTarget section */

/* Begin PBXProject section */
		BF7E2CC31E8C07400055A859 /* Project object */ = {
			isa = PBXProject;
			attributes = {
				LastSwiftUpdateCheck = 0820;
				LastUpgradeCheck = 0820;
				ORGANIZATIONNAME = SuVincent;
				TargetAttributes = {
					BF7E2CCA1E8C07400055A859 = {
						CreatedOnToolsVersion = 8.2.1;
						ProvisioningStyle = Automatic;
					};
				};
			};
			buildConfigurationList = BF7E2CC61E8C07400055A859 /* Build configuration list for PBXProject "InitiumTest2" */;
			compatibilityVersion = "Xcode 3.2";
			developmentRegion = English;
			hasScannedForEncodings = 0;
			knownRegions = (
				en,
				Base,
			);
			mainGroup = BF7E2CC21E8C07400055A859;
			productRefGroup = BF7E2CCC1E8C07400055A859 /* Products */;
			projectDirPath = "";
			projectRoot = "";
			targets = (
				BF7E2CCA1E8C07400055A859 /* InitiumTest2 */,
			);
		};
/* End PBXProject section */

/* Begin PBXResourcesBuildPhase section */
		BF7E2CC91E8C07400055A859 /* Resources */ = {
			isa = PBXResourcesBuildPhase;
			buildActionMask = 2147483647;
			files = (
				BF7E2CD91E8C07400055A859 /* LaunchScreen.storyboard in Resources */,
				BF7E2CD61E8C07400055A859 /* Assets.xcassets in Resources */,
			);
			runOnlyForDeploymentPostprocessing = 0;
		};
/* End PBXResourcesBuildPhase section */

/* Begin PBXShellScriptBuildPhase section */
		5895FDF77C36FDA77CA0C4E5 /* [CP] Copy Pods Resources */ = {
			isa = PBXShellScriptBuildPhase;
			buildActionMask = 2147483647;
			files = (
			);
			inputPaths = (
			);
			name = "[CP] Copy Pods Resources";
			outputPaths = (
			);
			runOnlyForDeploymentPostprocessing = 0;
			shellPath = /bin/sh;
			shellScript = "\"${SRCROOT}/Pods/Target Support Files/Pods-InitiumTest2/Pods-InitiumTest2-resources.sh\"\n";
			showEnvVarsInLog = 0;
		};
		6BDC6DDAAD2E6104990E7D22 /* [CP] Embed Pods Frameworks */ = {
			isa = PBXShellScriptBuildPhase;
			buildActionMask = 2147483647;
			files = (
			);
			inputPaths = (
			);
			name = "[CP] Embed Pods Frameworks";
			outputPaths = (
			);
			runOnlyForDeploymentPostprocessing = 0;
			shellPath = /bin/sh;
			shellScript = "\"${SRCROOT}/Pods/Target Support Files/Pods-InitiumTest2/Pods-InitiumTest2-frameworks.sh\"\n";
			showEnvVarsInLog = 0;
		};
		E23CB9F5BC3A26923AAFCCEC /* [CP] Check Pods Manifest.lock */ = {
			isa = PBXShellScriptBuildPhase;
			buildActionMask = 2147483647;
			files = (
			);
			inputPaths = (
			);
			name = "[CP] Check Pods Manifest.lock";
			outputPaths = (
			);
			runOnlyForDeploymentPostprocessing = 0;
			shellPath = /bin/sh;
			shellScript = "diff \"${PODS_ROOT}/../Podfile.lock\" \"${PODS_ROOT}/Manifest.lock\" > /dev/null\nif [ $? != 0 ] ; then\n    # print error to STDERR\n    echo \"error: The sandbox is not in sync with the Podfile.lock. Run 'pod install' or update your CocoaPods installation.\" >&2\n    exit 1\nfi\n";
			showEnvVarsInLog = 0;
		};
/* End PBXShellScriptBuildPhase section */

/* Begin PBXSourcesBuildPhase section */
		BF7E2CC71E8C07400055A859 /* Sources */ = {
			isa = PBXSourcesBuildPhase;
			buildActionMask = 2147483647;
			files = (
				BF7E2CD11E8C07400055A859 /* NewsViewController.swift in Sources */,
				BF7E2CCF1E8C07400055A859 /* AppDelegate.swift in Sources */,
				BF7E2CE11E8C10DF0055A859 /* NewsCardCell.swift in Sources */,
			);
			runOnlyForDeploymentPostprocessing = 0;
		};
/* End PBXSourcesBuildPhase section */

/* Begin PBXVariantGroup section */
		BF7E2CD71E8C07400055A859 /* LaunchScreen.storyboard */ = {
			isa = PBXVariantGroup;
			children = (
				BF7E2CD81E8C07400055A859 /* Base */,
			);
			name = LaunchScreen.storyboard;
			sourceTree = "<group>";
		};
/* End PBXVariantGroup section */

/* Begin XCBuildConfiguration section */
		BF7E2CDB1E8C07400055A859 /* Debug */ = {
			isa = XCBuildConfiguration;
			buildSettings = {
				ALWAYS_SEARCH_USER_PATHS = NO;
				CLANG_ANALYZER_NONNULL = YES;
				CLANG_CXX_LANGUAGE_STANDARD = "gnu++0x";
				CLANG_CXX_LIBRARY = "libc++";
				CLANG_ENABLE_MODULES = YES;
				CLANG_ENABLE_OBJC_ARC = YES;
				CLANG_WARN_BOOL_CONVERSION = YES;
				CLANG_WARN_CONSTANT_CONVERSION = YES;
				CLANG_WARN_DIRECT_OBJC_ISA_USAGE = YES_ERROR;
				CLANG_WARN_DOCUMENTATION_COMMENTS = YES;
				CLANG_WARN_EMPTY_BODY = YES;
				CLANG_WARN_ENUM_CONVERSION = YES;
				CLANG_WARN_INFINITE_RECURSION = YES;
				CLANG_WARN_INT_CONVERSION = YES;
				CLANG_WARN_OBJC_ROOT_CLASS = YES_ERROR;
				CLANG_WARN_SUSPICIOUS_MOVE = YES;
				CLANG_WARN_UNREACHABLE_CODE = YES;
				CLANG_WARN__DUPLICATE_METHOD_MATCH = YES;
				"CODE_SIGN_IDENTITY[sdk=iphoneos*]" = "iPhone Developer";
				COPY_PHASE_STRIP = NO;
				DEBUG_INFORMATION_FORMAT = dwarf;
				ENABLE_STRICT_OBJC_MSGSEND = YES;
				ENABLE_TESTABILITY = YES;
				GCC_C_LANGUAGE_STANDARD = gnu99;
				GCC_DYNAMIC_NO_PIC = NO;
				GCC_NO_COMMON_BLOCKS = YES;
				GCC_OPTIMIZATION_LEVEL = 0;
				GCC_PREPROCESSOR_DEFINITIONS = (
					"DEBUG=1",
					"$(inherited)",
				);
				GCC_WARN_64_TO_32_BIT_CONVERSION = YES;
				GCC_WARN_ABOUT_RETURN_TYPE = YES_ERROR;
				GCC_WARN_UNDECLARED_SELECTOR = YES;
				GCC_WARN_UNINITIALIZED_AUTOS = YES_AGGRESSIVE;
				GCC_WARN_UNUSED_FUNCTION = YES;
				GCC_WARN_UNUSED_VARIABLE = YES;
				IPHONEOS_DEPLOYMENT_TARGET = 10.2;
				MTL_ENABLE_DEBUG_INFO = YES;
				ONLY_ACTIVE_ARCH = YES;
				SDKROOT = iphoneos;
				SWIFT_ACTIVE_COMPILATION_CONDITIONS = DEBUG;
				SWIFT_OPTIMIZATION_LEVEL = "-Onone";
			};
			name = Debug;
		};
		BF7E2CDC1E8C07400055A859 /* Release */ = {
			isa = XCBuildConfiguration;
			buildSettings = {
				ALWAYS_SEARCH_USER_PATHS = NO;
				CLANG_ANALYZER_NONNULL = YES;
				CLANG_CXX_LANGUAGE_STANDARD = "gnu++0x";
				CLANG_CXX_LIBRARY = "libc++";
				CLANG_ENABLE_MODULES = YES;
				CLANG_ENABLE_OBJC_ARC = YES;
				CLANG_WARN_BOOL_CONVERSION = YES;
				CLANG_WARN_CONSTANT_CONVERSION = YES;
				CLANG_WARN_DIRECT_OBJC_ISA_USAGE = YES_ERROR;
				CLANG_WARN_DOCUMENTATION_COMMENTS = YES;
				CLANG_WARN_EMPTY_BODY = YES;
				CLANG_WARN_ENUM_CONVERSION = YES;
				CLANG_WARN_INFINITE_RECURSION = YES;
				CLANG_WARN_INT_CONVERSION = YES;
				CLANG_WARN_OBJC_ROOT_CLASS = YES_ERROR;
				CLANG_WARN_SUSPICIOUS_MOVE = YES;
				CLANG_WARN_UNREACHABLE_CODE = YES;
				CLANG_WARN__DUPLICATE_METHOD_MATCH = YES;
				"CODE_SIGN_IDENTITY[sdk=iphoneos*]" = "iPhone Developer";
				COPY_PHASE_STRIP = NO;
				DEBUG_INFORMATION_FORMAT = "dwarf-with-dsym";
				ENABLE_NS_ASSERTIONS = NO;
				ENABLE_STRICT_OBJC_MSGSEND = YES;
				GCC_C_LANGUAGE_STANDARD = gnu99;
				GCC_NO_COMMON_BLOCKS = YES;
				GCC_WARN_64_TO_32_BIT_CONVERSION = YES;
				GCC_WARN_ABOUT_RETURN_TYPE = YES_ERROR;
				GCC_WARN_UNDECLARED_SELECTOR = YES;
				GCC_WARN_UNINITIALIZED_AUTOS = YES_AGGRESSIVE;
				GCC_WARN_UNUSED_FUNCTION = YES;
				GCC_WARN_UNUSED_VARIABLE = YES;
				IPHONEOS_DEPLOYMENT_TARGET = 10.2;
				MTL_ENABLE_DEBUG_INFO = NO;
				SDKROOT = iphoneos;
				SWIFT_OPTIMIZATION_LEVEL = "-Owholemodule";
				VALIDATE_PRODUCT = YES;
			};
			name = Release;
		};
		BF7E2CDE1E8C07400055A859 /* Debug */ = {
			isa = XCBuildConfiguration;
			baseConfigurationReference = 828544EFC95C5652FDCDDAEC /* Pods-InitiumTest2.debug.xcconfig */;
			buildSettings = {
				ALWAYS_EMBED_SWIFT_STANDARD_LIBRARIES = "$(inherited)";
				ASSETCATALOG_COMPILER_APPICON_NAME = AppIcon;
				INFOPLIST_FILE = InitiumTest2/Info.plist;
				IPHONEOS_DEPLOYMENT_TARGET = 9.0;
				LD_RUNPATH_SEARCH_PATHS = "$(inherited) @executable_path/Frameworks";
				PRODUCT_BUNDLE_IDENTIFIER = su.InitiumTest2;
				PRODUCT_NAME = "$(TARGET_NAME)";
				SWIFT_VERSION = 3.0;
			};
			name = Debug;
		};
		BF7E2CDF1E8C07400055A859 /* Release */ = {
			isa = XCBuildConfiguration;
			baseConfigurationReference = 48749E082C4A4D7D2201072B /* Pods-InitiumTest2.release.xcconfig */;
			buildSettings = {
				ALWAYS_EMBED_SWIFT_STANDARD_LIBRARIES = "$(inherited)";
				ASSETCATALOG_COMPILER_APPICON_NAME = AppIcon;
				INFOPLIST_FILE = InitiumTest2/Info.plist;
				IPHONEOS_DEPLOYMENT_TARGET = 9.0;
				LD_RUNPATH_SEARCH_PATHS = "$(inherited) @executable_path/Frameworks";
				PRODUCT_BUNDLE_IDENTIFIER = su.InitiumTest2;
				PRODUCT_NAME = "$(TARGET_NAME)";
				SWIFT_VERSION = 3.0;
			};
			name = Release;
		};
/* End XCBuildConfiguration section */

/* Begin XCConfigurationList section */
		BF7E2CC61E8C07400055A859 /* Build configuration list for PBXProject "InitiumTest2" */ = {
			isa = XCConfigurationList;
			buildConfigurations = (
				BF7E2CDB1E8C07400055A859 /* Debug */,
				BF7E2CDC1E8C07400055A859 /* Release */,
			);
			defaultConfigurationIsVisible = 0;
			defaultConfigurationName = Release;
		};
		BF7E2CDD1E8C07400055A859 /* Build configuration list for PBXNativeTarget "InitiumTest2" */ = {
			isa = XCConfigurationList;
			buildConfigurations = (
				BF7E2CDE1E8C07400055A859 /* Debug */,
				BF7E2CDF1E8C07400055A859 /* Release */,
			);
			defaultConfigurationIsVisible = 0;
			defaultConfigurationName = Release;
		};
/* End XCConfigurationList section */
	};
	rootObject = BF7E2CC31E8C07400055A859 /* Project object */;
}
